Microsoft Visual Studio Solution File, Format Version 12.00
# Visual Studio 2012
Project("{FAE04EC0-301F-11D3-BF4B-00C04F79EFBC}") = "gdMeshSharpRestored", "gdMeshSharpRestored.csproj", "{BDA3CDEF-18B0-4C73-A54C-40BFD3D3E570}"
EndProject
Global
	GlobalSection(SolutionConfigurationPlatforms) = preSolution
	Debug|Any CPU = Debug|Any CPU
	ExportDebug|Any CPU = ExportDebug|Any CPU
	ExportRelease|Any CPU = ExportRelease|Any CPU
	EndGlobalSection
	GlobalSection(ProjectConfigurationPlatforms) = postSolution
		{BDA3CDEF-18B0-4C73-A54C-40BFD3D3E570}.Debug|Any CPU.ActiveCfg = Debug|Any CPU
		{BDA3CDEF-18B0-4C73-A54C-40BFD3D3E570}.Debug|Any CPU.Build.0 = Debug|Any CPU
		{BDA3CDEF-18B0-4C73-A54C-40BFD3D3E570}.ExportDebug|Any CPU.ActiveCfg = ExportDebug|Any CPU
		{BDA3CDEF-18B0-4C73-A54C-40BFD3D3E570}.ExportDebug|Any CPU.Build.0 = ExportDebug|Any CPU
		{BDA3CDEF-18B0-4C73-A54C-40BFD3D3E570}.ExportRelease|Any CPU.ActiveCfg = ExportRelease|Any CPU
		{BDA3CDEF-18B0-4C73-A54C-40BFD3D3E570}.ExportRelease|Any CPU.Build.0 = ExportRelease|Any CPU
	EndGlobalSection
EndGlobal
