Microsoft Visual Studio Solution File, Format Version 12.00
# Visual Studio 2012
Project("{FAE04EC0-301F-11D3-BF4B-00C04F79EFBC}") = "gdMeshSharp", "gdMeshSharp.csproj", "{F91DE49A-638D-43AF-B4DF-8D813833433E}"
EndProject
Global
	GlobalSection(SolutionConfigurationPlatforms) = preSolution
	Debug|Any CPU = Debug|Any CPU
	ExportDebug|Any CPU = ExportDebug|Any CPU
	ExportRelease|Any CPU = ExportRelease|Any CPU
	EndGlobalSection
	GlobalSection(ProjectConfigurationPlatforms) = postSolution
		{F91DE49A-638D-43AF-B4DF-8D813833433E}.Debug|Any CPU.ActiveCfg = Debug|Any CPU
		{F91DE49A-638D-43AF-B4DF-8D813833433E}.Debug|Any CPU.Build.0 = Debug|Any CPU
		{F91DE49A-638D-43AF-B4DF-8D813833433E}.ExportDebug|Any CPU.ActiveCfg = ExportDebug|Any CPU
		{F91DE49A-638D-43AF-B4DF-8D813833433E}.ExportDebug|Any CPU.Build.0 = ExportDebug|Any CPU
		{F91DE49A-638D-43AF-B4DF-8D813833433E}.ExportRelease|Any CPU.ActiveCfg = ExportRelease|Any CPU
		{F91DE49A-638D-43AF-B4DF-8D813833433E}.ExportRelease|Any CPU.Build.0 = ExportRelease|Any CPU
	EndGlobalSection
EndGlobal
